Microsoft Visual Studio Solution File, Format Version 12.00
# Visual Studio Version 17
VisualStudioVersion = 17.5.2.0
MinimumVisualStudioVersion = 10.0.40219.1
Project("{2150E333-8FDC-42A3-9474-1A3956D46DE8}") = "frontend", "frontend", "{CE609670-85B9-0D16-FB54-ED063D5D8A6D}"
EndProject
Project("{2150E333-8FDC-42A3-9474-1A3956D46DE8}") = "backend", "backend", "{1AE8ACA6-933B-BF2A-3671-3E2EAC007D16}"
EndProject
Project("{FAE04EC0-301F-11D3-BF4B-00C04F79EFBC}") = "DriveShare.Web", "frontend\DriveShare.Web\DriveShare.Web.csproj", "{2DE389F0-86EF-A3ED-1C74-3F14D6D357F9}"
EndProject
Project("{FAE04EC0-301F-11D3-BF4B-00C04F79EFBC}") = "DriveShare.API", "backend\DriveShare.API\DriveShare.API.csproj", "{66D71D72-3A8F-A145-5EEC-70AAB5B615F8}"
EndProject
Global
	GlobalSection(SolutionConfigurationPlatforms) = preSolution
		Debug|Any CPU = Debug|Any CPU
		Release|Any CPU = Release|Any CPU
	EndGlobalSection
	GlobalSection(ProjectConfigurationPlatforms) = postSolution
		{2DE389F0-86EF-A3ED-1C74-3F14D6D357F9}.Debug|Any CPU.ActiveCfg = Debug|Any CPU
		{2DE389F0-86EF-A3ED-1C74-3F14D6D357F9}.Debug|Any CPU.Build.0 = Debug|Any CPU
		{2DE389F0-86EF-A3ED-1C74-3F14D6D357F9}.Release|Any CPU.ActiveCfg = Release|Any CPU
		{2DE389F0-86EF-A3ED-1C74-3F14D6D357F9}.Release|Any CPU.Build.0 = Release|Any CPU
		{66D71D72-3A8F-A145-5EEC-70AAB5B615F8}.Debug|Any CPU.ActiveCfg = Debug|Any CPU
		{66D71D72-3A8F-A145-5EEC-70AAB5B615F8}.Debug|Any CPU.Build.0 = Debug|Any CPU
		{66D71D72-3A8F-A145-5EEC-70AAB5B615F8}.Release|Any CPU.ActiveCfg = Release|Any CPU
		{66D71D72-3A8F-A145-5EEC-70AAB5B615F8}.Release|Any CPU.Build.0 = Release|Any CPU
	EndGlobalSection
	GlobalSection(SolutionProperties) = preSolution
		HideSolutionNode = FALSE
	EndGlobalSection
	GlobalSection(NestedProjects) = preSolution
		{2DE389F0-86EF-A3ED-1C74-3F14D6D357F9} = {CE609670-85B9-0D16-FB54-ED063D5D8A6D}
		{66D71D72-3A8F-A145-5EEC-70AAB5B615F8} = {1AE8ACA6-933B-BF2A-3671-3E2EAC007D16}
	EndGlobalSection
	GlobalSection(ExtensibilityGlobals) = postSolution
		SolutionGuid = {1FA69795-0369-4FD1-9827-D70CD5712292}
	EndGlobalSection
EndGlobal
